
Microsoft Visual Studio Solution File, Format Version 12.00
# Visual Studio Version 17
VisualStudioVersion = 17.6.33829.357
MinimumVisualStudioVersion = 10.0.40219.1
Project("{FAE04EC0-301F-11D3-BF4B-00C04F79EFBC}") = "ApartmentInvoice.WebApi", "ApartmentInvoice\ApartmentInvoice.WebApi.csproj", "{FC9ED6A2-9761-4105-A467-57E5F66165E1}"
EndProject
Global
	GlobalSection(SolutionConfigurationPlatforms) = preSolution
		Debug|Any CPU = Debug|Any CPU
		Release|Any CPU = Release|Any CPU
	EndGlobalSection
	GlobalSection(ProjectConfigurationPlatforms) = postSolution
		{FC9ED6A2-9761-4105-A467-57E5F66165E1}.Debug|Any CPU.ActiveCfg = Debug|Any CPU
		{FC9ED6A2-9761-4105-A467-57E5F66165E1}.Debug|Any CPU.Build.0 = Debug|Any CPU
		{FC9ED6A2-9761-4105-A467-57E5F66165E1}.Release|Any CPU.ActiveCfg = Release|Any CPU
		{FC9ED6A2-9761-4105-A467-57E5F66165E1}.Release|Any CPU.Build.0 = Release|Any CPU
	EndGlobalSection
	GlobalSection(SolutionProperties) = preSolution
		HideSolutionNode = FALSE
	EndGlobalSection
	GlobalSection(ExtensibilityGlobals) = postSolution
		SolutionGuid = {381645D0-A086-440B-9321-81794FE71718}
	EndGlobalSection
EndGlobal
